
Microsoft Visual Studio Solution File, Format Version 12.00
# Visual Studio Version 16
VisualStudioVersion = 16.0.29926.136
MinimumVisualStudioVersion = 10.0.40219.1
Project("{9A19103F-16F7-4668-BE54-9A1E7A4F7556}") = "BugSmasher", "BugSmasher.csproj", "{D178BFE6-7E0E-4847-B32C-EE869A40C897}"
EndProject
Project("{9A19103F-16F7-4668-BE54-9A1E7A4F7556}") = "EFDataRepository", "..\EFDataRepository\EFDataRepository.csproj", "{9BAD18BA-BF9D-4046-8E4D-ADDF0F126753}"
EndProject
Project("{9A19103F-16F7-4668-BE54-9A1E7A4F7556}") = "Core", "..\DBModels\Core.csproj", "{3012AA67-85AC-48BF-ACA9-331570BA1DD6}"
EndProject
Global
	GlobalSection(SolutionConfigurationPlatforms) = preSolution
		Debug|Any CPU = Debug|Any CPU
		Release|Any CPU = Release|Any CPU
	EndGlobalSection
	GlobalSection(ProjectConfigurationPlatforms) = postSolution
		{D178BFE6-7E0E-4847-B32C-EE869A40C897}.Debug|Any CPU.ActiveCfg = Debug|Any CPU
		{D178BFE6-7E0E-4847-B32C-EE869A40C897}.Debug|Any CPU.Build.0 = Debug|Any CPU
		{D178BFE6-7E0E-4847-B32C-EE869A40C897}.Release|Any CPU.ActiveCfg = Release|Any CPU
		{D178BFE6-7E0E-4847-B32C-EE869A40C897}.Release|Any CPU.Build.0 = Release|Any CPU
		{9BAD18BA-BF9D-4046-8E4D-ADDF0F126753}.Debug|Any CPU.ActiveCfg = Debug|Any CPU
		{9BAD18BA-BF9D-4046-8E4D-ADDF0F126753}.Debug|Any CPU.Build.0 = Debug|Any CPU
		{9BAD18BA-BF9D-4046-8E4D-ADDF0F126753}.Release|Any CPU.ActiveCfg = Release|Any CPU
		{9BAD18BA-BF9D-4046-8E4D-ADDF0F126753}.Release|Any CPU.Build.0 = Release|Any CPU
		{3012AA67-85AC-48BF-ACA9-331570BA1DD6}.Debug|Any CPU.ActiveCfg = Debug|Any CPU
		{3012AA67-85AC-48BF-ACA9-331570BA1DD6}.Debug|Any CPU.Build.0 = Debug|Any CPU
		{3012AA67-85AC-48BF-ACA9-331570BA1DD6}.Release|Any CPU.ActiveCfg = Release|Any CPU
		{3012AA67-85AC-48BF-ACA9-331570BA1DD6}.Release|Any CPU.Build.0 = Release|Any CPU
	EndGlobalSection
	GlobalSection(SolutionProperties) = preSolution
		HideSolutionNode = FALSE
	EndGlobalSection
	GlobalSection(ExtensibilityGlobals) = postSolution
		SolutionGuid = {A04981F4-A72F-428B-9485-167B5B9DD32C}
	EndGlobalSection
EndGlobal
